
Microsoft Visual Studio Solution File, Format Version 12.00
# Visual Studio 15
VisualStudioVersion = 15.0.27428.2043
MinimumVisualStudioVersion = 10.0.40219.1
Project("{FAE04EC0-301F-11D3-BF4B-00C04F79EFBC}") = "PKC GUI", "TPKC GUI\PKC GUI.csproj", "{CDF5BE3E-06FE-45FA-9CC7-BE9D17BE8947}"
EndProject
Project("{2150E333-8FDC-42A3-9474-1A3956D46DE8}") = "Solution Items", "Solution Items", "{AD3CF4C0-9806-49A3-BEDC-5B2127A7AB9E}"
	ProjectSection(SolutionItems) = preProject
		todo.md = todo.md
	EndProjectSection
EndProject
Project("{FAE04EC0-301F-11D3-BF4B-00C04F79EFBC}") = "API Client", "API Client\API Client.csproj", "{E7AEECCE-F8DA-49BF-889C-9B322D6D4F11}"
EndProject
Global
	GlobalSection(SolutionConfigurationPlatforms) = preSolution
		Debug|Any CPU = Debug|Any CPU
		Debug|x64 = Debug|x64
		Debug|x86 = Debug|x86
		Release|Any CPU = Release|Any CPU
		Release|x64 = Release|x64
		Release|x86 = Release|x86
	EndGlobalSection
	GlobalSection(ProjectConfigurationPlatforms) = postSolution
		{CDF5BE3E-06FE-45FA-9CC7-BE9D17BE8947}.Debug|Any CPU.ActiveCfg = Debug|x86
		{CDF5BE3E-06FE-45FA-9CC7-BE9D17BE8947}.Debug|Any CPU.Build.0 = Debug|x86
		{CDF5BE3E-06FE-45FA-9CC7-BE9D17BE8947}.Debug|x64.ActiveCfg = Debug|x64
		{CDF5BE3E-06FE-45FA-9CC7-BE9D17BE8947}.Debug|x64.Build.0 = Debug|x64
		{CDF5BE3E-06FE-45FA-9CC7-BE9D17BE8947}.Debug|x86.ActiveCfg = Debug|x86
		{CDF5BE3E-06FE-45FA-9CC7-BE9D17BE8947}.Debug|x86.Build.0 = Debug|x86
		{CDF5BE3E-06FE-45FA-9CC7-BE9D17BE8947}.Release|Any CPU.ActiveCfg = Release|Any CPU
		{CDF5BE3E-06FE-45FA-9CC7-BE9D17BE8947}.Release|Any CPU.Build.0 = Release|Any CPU
		{CDF5BE3E-06FE-45FA-9CC7-BE9D17BE8947}.Release|x64.ActiveCfg = Release|Any CPU
		{CDF5BE3E-06FE-45FA-9CC7-BE9D17BE8947}.Release|x64.Build.0 = Release|Any CPU
		{CDF5BE3E-06FE-45FA-9CC7-BE9D17BE8947}.Release|x86.ActiveCfg = Release|Any CPU
		{CDF5BE3E-06FE-45FA-9CC7-BE9D17BE8947}.Release|x86.Build.0 = Release|Any CPU
		{E7AEECCE-F8DA-49BF-889C-9B322D6D4F11}.Debug|Any CPU.ActiveCfg = Debug|Any CPU
		{E7AEECCE-F8DA-49BF-889C-9B322D6D4F11}.Debug|Any CPU.Build.0 = Debug|Any CPU
		{E7AEECCE-F8DA-49BF-889C-9B322D6D4F11}.Debug|x64.ActiveCfg = Debug|Any CPU
		{E7AEECCE-F8DA-49BF-889C-9B322D6D4F11}.Debug|x64.Build.0 = Debug|Any CPU
		{E7AEECCE-F8DA-49BF-889C-9B322D6D4F11}.Debug|x86.ActiveCfg = Debug|Any CPU
		{E7AEECCE-F8DA-49BF-889C-9B322D6D4F11}.Debug|x86.Build.0 = Debug|Any CPU
		{E7AEECCE-F8DA-49BF-889C-9B322D6D4F11}.Release|Any CPU.ActiveCfg = Release|Any CPU
		{E7AEECCE-F8DA-49BF-889C-9B322D6D4F11}.Release|Any CPU.Build.0 = Release|Any CPU
		{E7AEECCE-F8DA-49BF-889C-9B322D6D4F11}.Release|x64.ActiveCfg = Release|Any CPU
		{E7AEECCE-F8DA-49BF-889C-9B322D6D4F11}.Release|x64.Build.0 = Release|Any CPU
		{E7AEECCE-F8DA-49BF-889C-9B322D6D4F11}.Release|x86.ActiveCfg = Release|Any CPU
		{E7AEECCE-F8DA-49BF-889C-9B322D6D4F11}.Release|x86.Build.0 = Release|Any CPU
	EndGlobalSection
	GlobalSection(SolutionProperties) = preSolution
		HideSolutionNode = FALSE
	EndGlobalSection
	GlobalSection(ExtensibilityGlobals) = postSolution
		SolutionGuid = {C570F9AE-410D-4346-8275-320FFA5B08DC}
	EndGlobalSection
EndGlobal
